
Microsoft Visual Studio Solution File, Format Version 12.00
# Visual Studio Version 16
VisualStudioVersion = 16.0.31019.35
MinimumVisualStudioVersion = 10.0.40219.1
Project("{FAE04EC0-301F-11D3-BF4B-00C04F79EFBC}") = "MidTermLabAssignment1", "MidTermLabAssignment1\MidTermLabAssignment1.csproj", "{87CB6210-2B24-404E-BFF9-B481D28FD1A9}"
EndProject
Global
	GlobalSection(SolutionConfigurationPlatforms) = preSolution
		Debug|Any CPU = Debug|Any CPU
		Release|Any CPU = Release|Any CPU
	EndGlobalSection
	GlobalSection(ProjectConfigurationPlatforms) = postSolution
		{87CB6210-2B24-404E-BFF9-B481D28FD1A9}.Debug|Any CPU.ActiveCfg = Debug|Any CPU
		{87CB6210-2B24-404E-BFF9-B481D28FD1A9}.Debug|Any CPU.Build.0 = Debug|Any CPU
		{87CB6210-2B24-404E-BFF9-B481D28FD1A9}.Release|Any CPU.ActiveCfg = Release|Any CPU
		{87CB6210-2B24-404E-BFF9-B481D28FD1A9}.Release|Any CPU.Build.0 = Release|Any CPU
	EndGlobalSection
	GlobalSection(SolutionProperties) = preSolution
		HideSolutionNode = FALSE
	EndGlobalSection
	GlobalSection(ExtensibilityGlobals) = postSolution
		SolutionGuid = {59CB4238-F058-439B-86B8-49209FD31A59}
	EndGlobalSection
EndGlobal
